
Microsoft Visual Studio Solution File, Format Version 12.00
# Visual Studio Version 17
VisualStudioVersion = 17.9.34714.143
MinimumVisualStudioVersion = 10.0.40219.1
Project("{FAE04EC0-301F-11D3-BF4B-00C04F79EFBC}") = "simplecs", "simplecs.csproj", "{2DFDC424-C26C-44B9-807D-8215262E0EF6}"
EndProject
Global
	GlobalSection(SolutionConfigurationPlatforms) = preSolution
		Debug|Any CPU = Debug|Any CPU
		Release|Any CPU = Release|Any CPU
	EndGlobalSection
	GlobalSection(ProjectConfigurationPlatforms) = postSolution
		{2DFDC424-C26C-44B9-807D-8215262E0EF6}.Debug|Any CPU.ActiveCfg = Debug|Any CPU
		{2DFDC424-C26C-44B9-807D-8215262E0EF6}.Debug|Any CPU.Build.0 = Debug|Any CPU
		{2DFDC424-C26C-44B9-807D-8215262E0EF6}.Release|Any CPU.ActiveCfg = Release|Any CPU
		{2DFDC424-C26C-44B9-807D-8215262E0EF6}.Release|Any CPU.Build.0 = Release|Any CPU
	EndGlobalSection
	GlobalSection(SolutionProperties) = preSolution
		HideSolutionNode = FALSE
	EndGlobalSection
	GlobalSection(ExtensibilityGlobals) = postSolution
		SolutionGuid = {DC3AE6F0-27AA-4737-86AE-CAE69E8D4D98}
	EndGlobalSection
EndGlobal
